
Microsoft Visual Studio Solution File, Format Version 12.00
# Visual Studio Version 17
VisualStudioVersion = 17.7.34031.279
MinimumVisualStudioVersion = 10.0.40219.1
Project("{FAE04EC0-301F-11D3-BF4B-00C04F79EFBC}") = "StringVerify", "StringVerify\StringVerify.csproj", "{A1F96038-30F5-4E3F-8416-ABF34514373C}"
EndProject
Global
	GlobalSection(SolutionConfigurationPlatforms) = preSolution
		Debug|Any CPU = Debug|Any CPU
		Release|Any CPU = Release|Any CPU
	EndGlobalSection
	GlobalSection(ProjectConfigurationPlatforms) = postSolution
		{A1F96038-30F5-4E3F-8416-ABF34514373C}.Debug|Any CPU.ActiveCfg = Debug|Any CPU
		{A1F96038-30F5-4E3F-8416-ABF34514373C}.Debug|Any CPU.Build.0 = Debug|Any CPU
		{A1F96038-30F5-4E3F-8416-ABF34514373C}.Release|Any CPU.ActiveCfg = Release|Any CPU
		{A1F96038-30F5-4E3F-8416-ABF34514373C}.Release|Any CPU.Build.0 = Release|Any CPU
	EndGlobalSection
	GlobalSection(SolutionProperties) = preSolution
		HideSolutionNode = FALSE
	EndGlobalSection
	GlobalSection(ExtensibilityGlobals) = postSolution
		SolutionGuid = {9491FA0C-6934-46F0-9678-9B7F7D64E12F}
	EndGlobalSection
EndGlobal
